// !$*UTF8*$!
{
	archiveVersion = 1;
	classes = {
	};
	objectVersion = 46;
	objects = {

/* Begin PBXBuildFile section */
		813F66861E415BF800A7E58B /* AppDelegate.swift in Sources */ = {isa = PBXBuildFile; fileRef = 813F66851E415BF800A7E58B /* AppDelegate.swift */; };
		813F66881E415BF800A7E58B /* ViewController.swift in Sources */ = {isa = PBXBuildFile; fileRef = 813F66871E415BF800A7E58B /* ViewController.swift */; };
		813F668B1E415BF800A7E58B /* Main.storyboard in Resources */ = {isa = PBXBuildFile; fileRef = 813F66891E415BF800A7E58B /* Main.storyboard */; };
		813F668D1E415BF800A7E58B /* Assets.xcassets in Resources */ = {isa = PBXBuildFile; fileRef = 813F668C1E415BF800A7E58B /* Assets.xcassets */; };
		813F66901E415BF800A7E58B /* LaunchScreen.storyboard in Resources */ = {isa = PBXBuildFile; fileRef = 813F668E1E415BF800A7E58B /* LaunchScreen.storyboard */; };
		813F66981E415CCD00A7E58B /* Reachability.swift in Sources */ = {isa = PBXBuildFile; fileRef = 813F66971E415CCD00A7E58B /* Reachability.swift */; };
		8159349D1E4A958F0007F70E /* Flavor.swift in Sources */ = {isa = PBXBuildFile; fileRef = 8159349C1E4A958F0007F70E /* Flavor.swift */; };
		8159349F1E4AABF30007F70E /* DetailViewController.swift in Sources */ = {isa = PBXBuildFile; fileRef = 8159349E1E4AABF30007F70E /* DetailViewController.swift */; };
/* End PBXBuildFile section */

/* Begin PBXFileReference section */
		813F66821E415BF800A7E58B /* iNetwork2.app */ = {isa = PBXFileReference; explicitFileType = wrapper.application; includeInIndex = 0; path = iNetwork2.app; sourceTree = BUILT_PRODUCTS_DIR; };
		813F66851E415BF800A7E58B /* AppDelegate.swift */ = {isa = PBXFileReference; lastKnownFileType = sourcecode.swift; path = AppDelegate.swift; sourceTree = "<group>"; };
		813F66871E415BF800A7E58B /* ViewController.swift */ = {isa = PBXFileReference; lastKnownFileType = sourcecode.swift; path = ViewController.swift; sourceTree = "<group>"; };
		813F668A1E415BF800A7E58B /* Base */ = {isa = PBXFileReference; lastKnownFileType = file.storyboard; name = Base; path = Base.lproj/Main.storyboard; sourceTree = "<group>"; };
		813F668C1E415BF800A7E58B /* Assets.xcassets */ = {isa = PBXFileReference; lastKnownFileType = folder.assetcatalog; path = Assets.xcassets; sourceTree = "<group>"; };
		813F668F1E415BF800A7E58B /* Base */ = {isa = PBXFileReference; lastKnownFileType = file.storyboard; name = Base; path = Base.lproj/LaunchScreen.storyboard; sourceTree = "<group>"; };
		813F66911E415BF800A7E58B /* Info.plist */ = {isa = PBXFileReference; lastKnownFileType = text.plist.xml; path = Info.plist; sourceTree = "<group>"; };
		813F66971E415CCD00A7E58B /* Reachability.swift */ = {isa = PBXFileReference; fileEncoding = 4; lastKnownFileType = sourcecode.swift; path = Reachability.swift; sourceTree = "<group>"; };
		8159349C1E4A958F0007F70E /* Flavor.swift */ = {isa = PBXFileReference; fileEncoding = 4; lastKnownFileType = sourcecode.swift; path = Flavor.swift; sourceTree = "<group>"; };
		8159349E1E4AABF30007F70E /* DetailViewController.swift */ = {isa = PBXFileReference; fileEncoding = 4; lastKnownFileType = sourcecode.swift; path = DetailViewController.swift; sourceTree = "<group>"; };
/* End PBXFileReference section */

/* Begin PBXFrameworksBuildPhase section */
		813F667F1E415BF800A7E58B /* Frameworks */ = {
			isa = PBXFrameworksBuildPhase;
			buildActionMask = 2147483647;
			files = (
			);
			runOnlyForDeploymentPostprocessing = 0;
		};
/* End PBXFrameworksBuildPhase section */

/* Begin PBXGroup section */
		813F66791E415BF800A7E58B = {
			isa = PBXGroup;
			children = (
				813F66841E415BF800A7E58B /* iNetwork2 */,
				813F66831E415BF800A7E58B /* Products */,
			);
			sourceTree = "<group>";
		};
		813F66831E415BF800A7E58B /* Products */ = {
			isa = PBXGroup;
			children = (
				813F66821E415BF800A7E58B /* iNetwork2.app */,
			);
			name = Products;
			sourceTree = "<group>";
		};
		813F66841E415BF800A7E58B /* iNetwork2 */ = {
			isa = PBXGroup;
			children = (
				813F66851E415BF800A7E58B /* AppDelegate.swift */,
				813F66971E415CCD00A7E58B /* Reachability.swift */,
				8159349C1E4A958F0007F70E /* Flavor.swift */,
				813F66871E415BF800A7E58B /* ViewController.swift */,
				8159349E1E4AABF30007F70E /* DetailViewController.swift */,
				813F66891E415BF800A7E58B /* Main.storyboard */,
				813F668C1E415BF800A7E58B /* Assets.xcassets */,
				813F668E1E415BF800A7E58B /* LaunchScreen.storyboard */,
				813F66911E415BF800A7E58B /* Info.plist */,
			);
			name = iNetwork2;
			path = iNetwork;
			sourceTree = "<group>";
		};
/* End PBXGroup section */

/* Begin PBXNativeTarget section */
		813F66811E415BF800A7E58B /* iNetwork2 */ = {
			isa = PBXNativeTarget;
			buildConfigurationList = 813F66941E415BF800A7E58B /* Build configuration list for PBXNativeTarget "iNetwork2" */;
			buildPhases = (
				813F667E1E415BF800A7E58B /* Sources */,
				813F667F1E415BF800A7E58B /* Frameworks */,
				813F66801E415BF800A7E58B /* Resources */,
			);
			buildRules = (
			);
			dependencies = (
			);
			name = iNetwork2;
			productName = iNetwork;
			productReference = 813F66821E415BF800A7E58B /* iNetwork2.app */;
			productType = "com.apple.product-type.application";
		};
/* End PBXNativeTarget section */

/* Begin PBXProject section */
		813F667A1E415BF800A7E58B /* Project object */ = {
			isa = PBXProject;
			attributes = {
				LastSwiftUpdateCheck = 0820;
				LastUpgradeCheck = 0820;
				ORGANIZATIONNAME = "Shane Empie";
				TargetAttributes = {
					813F66811E415BF800A7E58B = {
						CreatedOnToolsVersion = 8.2.1;
						ProvisioningStyle = Automatic;
					};
				};
			};
			buildConfigurationList = 813F667D1E415BF800A7E58B /* Build configuration list for PBXProject "iNetwork2" */;
			compatibilityVersion = "Xcode 3.2";
			developmentRegion = English;
			hasScannedForEncodings = 0;
			knownRegions = (
				en,
				Base,
			);
			mainGroup = 813F66791E415BF800A7E58B;
			productRefGroup = 813F66831E415BF800A7E58B /* Products */;
			projectDirPath = "";
			projectRoot = "";
			targets = (
				813F66811E415BF800A7E58B /* iNetwork2 */,
			);
		};
/* End PBXProject section */

/* Begin PBXResourcesBuildPhase section */
		813F66801E415BF800A7E58B /* Resources */ = {
			isa = PBXResourcesBuildPhase;
			buildActionMask = 2147483647;
			files = (
				813F66901E415BF800A7E58B /* LaunchScreen.storyboard in Resources */,
				813F668D1E415BF800A7E58B /* Assets.xcassets in Resources */,
				813F668B1E415BF800A7E58B /* Main.storyboard in Resources */,
			);
			runOnlyForDeploymentPostprocessing = 0;
		};
/* End PBXResourcesBuildPhase section */

/* Begin PBXSourcesBuildPhase section */
		813F667E1E415BF800A7E58B /* Sources */ = {
			isa = PBXSourcesBuildPhase;
			buildActionMask = 2147483647;
			files = (
				813F66881E415BF800A7E58B /* ViewController.swift in Sources */,
				8159349D1E4A958F0007F70E /* Flavor.swift in Sources */,
				813F66861E415BF800A7E58B /* AppDelegate.swift in Sources */,
				8159349F1E4AABF30007F70E /* DetailViewController.swift in Sources */,
				813F66981E415CCD00A7E58B /* Reachability.swift in Sources */,
			);
			runOnlyForDeploymentPostprocessing = 0;
		};
/* End PBXSourcesBuildPhase section */

/* Begin PBXVariantGroup section */
		813F66891E415BF800A7E58B /* Main.storyboard */ = {
			isa = PBXVariantGroup;
			children = (
				813F668A1E415BF800A7E58B /* Base */,
			);
			name = Main.storyboard;
			sourceTree = "<group>";
		};
		813F668E1E415BF800A7E58B /* LaunchScreen.storyboard */ = {
			isa = PBXVariantGroup;
			children = (
				813F668F1E415BF800A7E58B /* Base */,
			);
			name = LaunchScreen.storyboard;
			sourceTree = "<group>";
		};
/* End PBXVariantGroup section */

/* Begin XCBuildConfiguration section */
		813F66921E415BF800A7E58B /* Debug */ = {
			isa = XCBuildConfiguration;
			buildSettings = {
				ALWAYS_SEARCH_USER_PATHS = NO;
				CLANG_ANALYZER_NONNULL = YES;
				CLANG_CXX_LANGUAGE_STANDARD = "gnu++0x";
				CLANG_CXX_LIBRARY = "libc++";
				CLANG_ENABLE_MODULES = YES;
				CLANG_ENABLE_OBJC_ARC = YES;
				CLANG_WARN_BOOL_CONVERSION = YES;
				CLANG_WARN_CONSTANT_CONVERSION = YES;
				CLANG_WARN_DIRECT_OBJC_ISA_USAGE = YES_ERROR;
				CLANG_WARN_DOCUMENTATION_COMMENTS = YES;
				CLANG_WARN_EMPTY_BODY = YES;
				CLANG_WARN_ENUM_CONVERSION = YES;
				CLANG_WARN_INFINITE_RECURSION = YES;
				CLANG_WARN_INT_CONVERSION = YES;
				CLANG_WARN_OBJC_ROOT_CLASS = YES_ERROR;
				CLANG_WARN_SUSPICIOUS_MOVE = YES;
				CLANG_WARN_UNREACHABLE_CODE = YES;
				CLANG_WARN__DUPLICATE_METHOD_MATCH = YES;
				"CODE_SIGN_IDENTITY[sdk=iphoneos*]" = "iPhone Developer";
				COPY_PHASE_STRIP = NO;
				DEBUG_INFORMATION_FORMAT = dwarf;
				ENABLE_STRICT_OBJC_MSGSEND = YES;
				ENABLE_TESTABILITY = YES;
				GCC_C_LANGUAGE_STANDARD = gnu99;
				GCC_DYNAMIC_NO_PIC = NO;
				GCC_NO_COMMON_BLOCKS = YES;
				GCC_OPTIMIZATION_LEVEL = 0;
				GCC_PREPROCESSOR_DEFINITIONS = (
					"DEBUG=1",
					"$(inherited)",
				);
				GCC_WARN_64_TO_32_BIT_CONVERSION = YES;
				GCC_WARN_ABOUT_RETURN_TYPE = YES_ERROR;
				GCC_WARN_UNDECLARED_SELECTOR = YES;
				GCC_WARN_UNINITIALIZED_AUTOS = YES_AGGRESSIVE;
				GCC_WARN_UNUSED_FUNCTION = YES;
				GCC_WARN_UNUSED_VARIABLE = YES;
				IPHONEOS_DEPLOYMENT_TARGET = 10.2;
				MTL_ENABLE_DEBUG_INFO = YES;
				ONLY_ACTIVE_ARCH = YES;
				SDKROOT = iphoneos;
				SWIFT_ACTIVE_COMPILATION_CONDITIONS = DEBUG;
				SWIFT_OPTIMIZATION_LEVEL = "-Onone";
				TARGETED_DEVICE_FAMILY = "1,2";
			};
			name = Debug;
		};
		813F66931E415BF800A7E58B /* Release */ = {
			isa = XCBuildConfiguration;
			buildSettings = {
				ALWAYS_SEARCH_USER_PATHS = NO;
				CLANG_ANALYZER_NONNULL = YES;
				CLANG_CXX_LANGUAGE_STANDARD = "gnu++0x";
				CLANG_CXX_LIBRARY = "libc++";
				CLANG_ENABLE_MODULES = YES;
				CLANG_ENABLE_OBJC_ARC = YES;
				CLANG_WARN_BOOL_CONVERSION = YES;
				CLANG_WARN_CONSTANT_CONVERSION = YES;
				CLANG_WARN_DIRECT_OBJC_ISA_USAGE = YES_ERROR;
				CLANG_WARN_DOCUMENTATION_COMMENTS = YES;
				CLANG_WARN_EMPTY_BODY = YES;
				CLANG_WARN_ENUM_CONVERSION = YES;
				CLANG_WARN_INFINITE_RECURSION = YES;
				CLANG_WARN_INT_CONVERSION = YES;
				CLANG_WARN_OBJC_ROOT_CLASS = YES_ERROR;
				CLANG_WARN_SUSPICIOUS_MOVE = YES;
				CLANG_WARN_UNREACHABLE_CODE = YES;
				CLANG_WARN__DUPLICATE_METHOD_MATCH = YES;
				"CODE_SIGN_IDENTITY[sdk=iphoneos*]" = "iPhone Developer";
				COPY_PHASE_STRIP = NO;
				DEBUG_INFORMATION_FORMAT = "dwarf-with-dsym";
				ENABLE_NS_ASSERTIONS = NO;
				ENABLE_STRICT_OBJC_MSGSEND = YES;
				GCC_C_LANGUAGE_STANDARD = gnu99;
				GCC_NO_COMMON_BLOCKS = YES;
				GCC_WARN_64_TO_32_BIT_CONVERSION = YES;
				GCC_WARN_ABOUT_RETURN_TYPE = YES_ERROR;
				GCC_WARN_UNDECLARED_SELECTOR = YES;
				GCC_WARN_UNINITIALIZED_AUTOS = YES_AGGRESSIVE;
				GCC_WARN_UNUSED_FUNCTION = YES;
				GCC_WARN_UNUSED_VARIABLE = YES;
				IPHONEOS_DEPLOYMENT_TARGET = 10.2;
				MTL_ENABLE_DEBUG_INFO = NO;
				SDKROOT = iphoneos;
				SWIFT_OPTIMIZATION_LEVEL = "-Owholemodule";
				TARGETED_DEVICE_FAMILY = "1,2";
				VALIDATE_PRODUCT = YES;
			};
			name = Release;
		};
		813F66951E415BF800A7E58B /* Debug */ = {
			isa = XCBuildConfiguration;
			buildSettings = {
				ASSETCATALOG_COMPILER_APPICON_NAME = AppIcon;
				INFOPLIST_FILE = iNetwork/Info.plist;
				LD_RUNPATH_SEARCH_PATHS = "$(inherited) @executable_path/Frameworks";
				PRODUCT_BUNDLE_IDENTIFIER = wccnet.edu.sempie.iNetwork;
				PRODUCT_NAME = "$(TARGET_NAME)";
				SWIFT_VERSION = 3.0;
			};
			name = Debug;
		};
		813F66961E415BF800A7E58B /* Release */ = {
			isa = XCBuildConfiguration;
			buildSettings = {
				ASSETCATALOG_COMPILER_APPICON_NAME = AppIcon;
				INFOPLIST_FILE = iNetwork/Info.plist;
				LD_RUNPATH_SEARCH_PATHS = "$(inherited) @executable_path/Frameworks";
				PRODUCT_BUNDLE_IDENTIFIER = wccnet.edu.sempie.iNetwork;
				PRODUCT_NAME = "$(TARGET_NAME)";
				SWIFT_VERSION = 3.0;
			};
			name = Release;
		};
/* End XCBuildConfiguration section */

/* Begin XCConfigurationList section */
		813F667D1E415BF800A7E58B /* Build configuration list for PBXProject "iNetwork2" */ = {
			isa = XCConfigurationList;
			buildConfigurations = (
				813F66921E415BF800A7E58B /* Debug */,
				813F66931E415BF800A7E58B /* Release */,
			);
			defaultConfigurationIsVisible = 0;
			defaultConfigurationName = Release;
		};
		813F66941E415BF800A7E58B /* Build configuration list for PBXNativeTarget "iNetwork2" */ = {
			isa = XCConfigurationList;
			buildConfigurations = (
				813F66951E415BF800A7E58B /* Debug */,
				813F66961E415BF800A7E58B /* Release */,
			);
			defaultConfigurationIsVisible = 0;
			defaultConfigurationName = Release;
		};
/* End XCConfigurationList section */
	};
	rootObject = 813F667A1E415BF800A7E58B /* Project object */;
}
